github.com/alecthomas/kingpin v2.2.6+incompatible h1:5svnBTFgJjZvGKyYBtMB0+m5wvrbUHiqye8wRJMlnYI=
github.com/alecthomas/kingpin v2.2.6+incompatible/go.mod h1:59OFYbFVLKQKq+mqrL6Rw5bR0c3ACQaawgXx0QYndlE=
github.com/alecthomas/template v0.0.0-20190718012654-fb15b899a751 h1:JYp7IbQjafoB+tBA3gMyHYHrpOtNuDiK/uB5uXxq5wM=
github.com/alecthomas/template v0.0.0-20190718012654-fb15b899a751/go.mod h1:LOuyumcjzFXgccqObfd/Ljyb9UuFJ6TxHnclSeseNhc=
github.com/alecthomas/units v0.0.0-20190924025748-f65c72e2690d h1:UQZhZ2O0vMHr2cI+DC1Mbh0TJxzA3RcLoMsFw+aXw7E=
github.com/alecthomas/units v0.0.0-20190924025748-f65c72e2690d/go.mod h1:rBZYJk541a8SKzHPHnH3zbiI+7dagKZ0cgpgrD7Fyho=
github.com/aybabtme/color v0.0.0-20140713052517-28ad4cc941d6 h1:k5FebMq+CuzGrf3LBwO3JbwCk5tX+PJQ5L7tR0MQT38=
github.com/aybabtme/color v0.0.0-20140713052517-28ad4cc941d6/go.mod h1:k6bCbg1gudUfWem/VvfWXsk5Qqag/NDXzEHu0mNcsPM=
github.com/bproctor/base91 v0.0.0-20160902125316-7de6f1dd34e8 h1:AOcLIabtn5jh31VACsbAI1R6y/FjyFRDyuNxkvHmSTI=
github.com/bproctor/base91 v0.0.0-20160902125316-7de6f1dd34e8/go.mod h1:Qf+Cy/9Oy2JSEKDrf5nBXdsBqEFBNbU8Rzrart5f7h0=
github.com/cxmcc/tiger v0.0.0-20170524142333-bde35e2713d7 h1:jBEtq1t2gpn2kEzvRlCUxvvrxl5aSWkXNPwe/hwvSNQ=
github.com/cxmcc/tiger v0.0.0-20170524142333-bde35e2713d7/go.mod h1:ruCYvt9rtYymAr4rNmfYJrl1dz8HSXUFP7cufqKOsDI=
github.com/davecgh/go-spew v1.1.0/go.mod h1:J7Y8YcW2NihsgmVo/mv3lAwl/skON4iLHjSsI+c5H38=
github.com/davecgh/go-spew v1.1.1 h1:vj9j/u1bqnvCEfJOwUhtlOARqs3+rkHYY13jYWTU97c=
github.com/davecgh/go-spew v1.1.1/go.mod h1:J7Y8YcW2NihsgmVo/mv3lAwl/skON4iLHjSsI+c5H38=
github.com/dchest/blake256 v1.1.0 h1:4AuEhGPT/3TTKFhTfBpZ8hgZE7wJpawcYaEawwsbtqM=
github.com/dchest/blake256 v1.1.0/go.mod h1:xXNWCE1jsAP8DAjP+rKw2MbeqLczjI3TRx2VK+9OEYY=
github.com/dchest/blake2b v1.0.0 h1:KK9LimVmE0MjRl9095XJmKqZ+iLxWATvlcpVFRtaw6s=
github.com/dchest/blake2b v1.0.0/go.mod h1:U034kXgbJpCle2wSk5ybGIVhOSHCVLMDqOzcPEA0F7s=
github.com/dchest/blake2s v1.0.0 h1:gHCBR8ecSImY/Nwk7X0Q2KJAJcpI/HSkUAQDi8MCP4Q=
github.com/dchest/blake2s v1.0.0/go.mod h1:GrKn2Lc4hWqAwRrbneYuvZ6kugiJMrjk3HHtcJkEhbs=
github.com/dchest/blake512 v1.0.0 h1:oDFEQFIqFSeuA34xLtXZ/rWxCXdSjirjzPhey5EUvmA=
github.com/dchest/blake512 v1.0.0/go.mod h1:FV1x7xPPLWukZlpDpWQ88rF/SFwZ5qbskrzhLMB92JI=
github.com/dchest/siphash v1.2.1 h1:4cLinnzVJDKxTCl9B01807Yiy+W7ZzVHj/KIroQRvT4=
github.com/dchest/siphash v1.2.1/go.mod h1:q+IRvb2gOSrUnYoPqHiyHXS0FOBBOdl6tONBlVnOnt4=
github.com/dchest/skein v0.0.0-20171112102903-d7f1022db390 h1:oNcAGoFeaPCgOnlARnJMQqgoq1UMlGwW7PFJddtTF2c=
github.com/dchest/skein v0.0.0-20171112102903-d7f1022db390/go.mod h1:sh8l6PI4IHMaBmo2rlnHxnJDjXY7rxmDeaGSyupxMVM=
github.com/google/gofuzz v1.1.0 h1:Hsa8mG0dQ46ij8Sl2AYJDUv1oA9/d6Vk+3LG99Oe02g=
github.com/google/gofuzz v1.1.0/go.mod h1:dBl0BpW6vV/+mYPU4Po3pmUjxk6FQPldtuIdl/M65Eg=
github.com/howeyc/crc16 v0.0.0-20171223171357-2b2a61e366a6 h1:IIVxLyDUYErC950b8kecjoqDet8P5S4lcVRUOM6rdkU=
github.com/howeyc/crc16 v0.0.0-20171223171357-2b2a61e366a6/go.mod h1:JslaLRrzGsOKJgFEPBP65Whn+rdwDQSk0I0MCRFe2Zw=
github.com/htruong/go-md2 v0.0.0-20170914203617-c69905b63f6f h1:GcDipGuLklPyATFZtZcwsN4WFCBhQdRsVoJL1vDLp64=
github.com/htruong/go-md2 v0.0.0-20170914203617-c69905b63f6f/go.mod h1:uMYyN0e+BBSemEoe2Ys7jLGs6DIV9zc6Sj8gTHK1XOI=
github.com/jbenet/go-base58 v0.0.0-20150317085156-6237cf65f3a6 h1:4zOlv2my+vf98jT1nQt4bT/yKWUImevYPJ2H344CloE=
github.com/jbenet/go-base58 v0.0.0-20150317085156-6237cf65f3a6/go.mod h1:r/8JmuR0qjuCiEhAolkfvdZgmPiHTnJaG0UXCSeR1Zo=
github.com/jzelinskie/whirlpool v0.0.0-20170603002051-c19460b8caa6 h1:RyOL4+OIUc6u5ac2LclitlZvFES6k+sg18fBMfxFUUs=
github.com/jzelinskie/whirlpool v0.0.0-20170603002051-c19460b8caa6/go.mod h1:KmHnJWQrgEvbuy0vcvj00gtMqbvNn1L+3YUZLK/B92c=
github.com/leanovate/gopter v0.2.5 h1:An9g7rC5I5prYHI2V2XnhH8WEb6BZn2jiRO2pcylWpQ=
github.com/leanovate/gopter v0.2.5/go.mod h1:gNcbPWNEWRe4lm+bycKqxUYoH5uoVje5SkOJ3uoLer8=
github.com/martinlindhe/base36 v1.0.0 h1:eYsumTah144C0A8P1T/AVSUk5ZoLnhfYFM3OGQxB52A=
github.com/martinlindhe/base36 v1.0.0/go.mod h1:+AtEs8xrBpCeYgSLoY/aJ6Wf37jtBuR0s35750M27+8=
github.com/martinlindhe/bubblebabble v0.0.0-20160819103256-a0a549d8557a h1:qSlkSgMpUT8L21GR0s9VgMNiC0eNYMfcssWdutZNuMw=
github.com/martinlindhe/bubblebabble v0.0.0-20160819103256-a0a549d8557a/go.mod h1:1sdM3rhzqvxbV0Emgfru91xws5iMIKglDdhOMw+jjp0=
github.com/martinlindhe/crc24 v0.0.0-20170911183234-2a4d83245616 h1:tJX0JYmBSy9o9VPtdr1DFjW+AUYdEWmKWA6PM6rWWDU=
github.com/martinlindhe/crc24 v0.0.0-20170911183234-2a4d83245616/go.mod h1:2LSPYSdnKs8BnG5rM9jaR70St2Z0b0LJN7GvCGTHUEA=
github.com/martinlindhe/gogost v0.0.0-20170914195721-31862914ae20 h1:NgvNvoe91W36nQwPNvM8KSyvN7Tgfrp1gGhNqp6iuK8=
github.com/martinlindhe/gogost v0.0.0-20170914195721-31862914ae20/go.mod h1:QWtANgYYeIaHYj7lc8bygiTdXt3t3bQHH6ObdVMIC2s=
github.com/martinlindhe/uu v0.0.0-20171218233747-27d928e7b0bb h1:Xm/Z5Ia8LPjX/j07KNFzNwlLRyBiJSmH7et7cXpjN0w=
github.com/martinlindhe/uu v0.0.0-20171218233747-27d928e7b0bb/go.mod h1:wlz78WxArFqAPmyrsBK+cBo+fpYrMdRM7IZL/o4m4JQ=
github.com/mattn/go-isatty v0.0.12 h1:wuysRhFDzyxgEmMf5xjvJ2M9dZoWAXNNr5LSBS7uHXY=
github.com/mattn/go-isatty v0.0.12/go.mod h1:cbi8OIDigv2wuxKPP5vlRcQ1OAZbq2CE4Kysco4FUpU=
github.com/mewpkg/hashutil v1.0.2-0.20181024063027-bc0840ff65bb h1:FkUTWqjhUm4zEg4VoMKhRUJYhoLBRFti+1AcW22ofrk=
github.com/mewpkg/hashutil v1.0.2-0.20181024063027-bc0840ff65bb/go.mod h1:DSL30IKicBzaNFwGvhg9BG8YkZj0Nb+d6TDPb9P7hQY=
github.com/pmezard/go-difflib v1.0.0 h1:4DBwDE0NGyQoBHbLQYPwSUPoCMWR5BEzIk/f1lZbAQM=
github.com/pmezard/go-difflib v1.0.0/go.mod h1:iKH77koFhYxTK1pcRnkKkqfTogsbg7gZNVY4sRDYZ/4=
github.com/stretchr/objx v0.1.0/go.mod h1:HFkY916IF+rwdDfMAkV7OtwuqBVzrE8GR6GFx+wExME=
github.com/stretchr/testify v1.4.0 h1:2E4SXV/wtOkTonXsotYi4li6zVWxYlZuYNCXe9XRJyk=
github.com/stretchr/testify v1.4.0/go.mod h1:j7eGeouHqKxXV5pUuKE4zz7dFj8WfuZ+81PSLYec5m4=
github.com/tilinna/z85 v1.0.0 h1:uqFnJBlD01dosSeo5sK1G1YGbPuwqVHqR+12OJDRjUw=
github.com/tilinna/z85 v1.0.0/go.mod h1:EfpFU/DUY4ddEy6CRvk2l+UQNEzHbh+bqBQS+04Nkxs=
golang.org/x/crypto v0.0.0-20190308221718-c2843e01d9a2/go.mod h1:djNgcEr1/C05ACkg1iLfiJU5Ep61QUkGW8qpdssI0+w=
golang.org/x/crypto v0.0.0-20200117160349-530e935923ad h1:Jh8cai0fqIK+f6nG0UgPW5wFk8wmiMhM3AyciDBdtQg=
golang.org/x/crypto v0.0.0-20200117160349-530e935923ad/go.mod h1:LzIPMQfyMNhhGPhUkYOs5KpL4U8rLKemX1yGLhDgUto=
golang.org/x/net v0.0.0-20190404232315-eb5bcb51f2a3/go.mod h1:t9HGtf8HONx5eT2rtn7q6eTqICYqUVnKs3thJo3Qplg=
golang.org/x/sys v0.0.0-20190215142949-d0b11bdaac8a/go.mod h1:STP8DvDyc/dI5b8T5hshtkjS+E42TnysNCUPdjciGhY=
golang.org/x/sys v0.0.0-20190412213103-97732733099d/go.mod h1:h1NjWce9XRLGQEsW7wpKNCjG9DtNlClVuFLEZdDNbEs=
golang.org/x/sys v0.0.0-20200116001909-b77594299b42/go.mod h1:h1NjWce9XRLGQEsW7wpKNCjG9DtNlClVuFLEZdDNbEs=
golang.org/x/sys v0.0.0-20200121082415-34d275377bf9 h1:N19i1HjUnR7TF7rMt8O4p3dLvqvmYyzB6ifMFmrbY50=
golang.org/x/sys v0.0.0-20200121082415-34d275377bf9/go.mod h1:h1NjWce9XRLGQEsW7wpKNCjG9DtNlClVuFLEZdDNbEs=
golang.org/x/text v0.3.0/go.mod h1:NqM8EUOU14njkJ3fqMW+pc6Ldnwhi/IjpwHt7yyuwOQ=
gopkg.in/check.v1 v0.0.0-20161208181325-20d25e280405 h1:yhCVgyC4o1eVCa2tZl7eS0r+SDo693bJlVdllGtEeKM=
gopkg.in/check.v1 v0.0.0-20161208181325-20d25e280405/go.mod h1:Co6ibVJAznAaIkqp8huTwlJQCZ016jof/cbN4VW5Yz0=
gopkg.in/yaml.v2 v2.2.2 h1:ZCJp+EgiOT7lHqUV2J862kp8Qj64Jo6az82+3Td9dZw=
gopkg.in/yaml.v2 v2.2.2/go.mod h1:hI93XBmqTisBFMUTm0b8Fm+jr3Dg1NNxqwp+5A1VGuI=
gopkg.in/yaml.v2 v2.2.7 h1:VUgggvou5XRW9mHwD/yXxIYSMtY0zoKQf/v226p2nyo=
gopkg.in/yaml.v2 v2.2.7/go.mod h1:hI93XBmqTisBFMUTm0b8Fm+jr3Dg1NNxqwp+5A1VGuI=
lukechampine.com/blake3 v1.0.0 h1:dNj1NVD7SLgkU7dykKjmmOSOTTx7ZmxnDyUyvxnQP2Q=
lukechampine.com/blake3 v1.0.0/go.mod h1:e0XQzEQp6LtbXBhzYxRoh6s3kcmX+fMMg8sC9VgWloQ=
