# This file is autogenerated, do not edit; changes may be undone by the next 'dep ensure'.


[[projects]]
  digest = "1:22b2dee6f30bc8601f087449a2a819df8388e54e9547349c658f14d8f8c590f2"
  name = "github.com/alecthomas/kingpin"
  packages = ["."]
  pruneopts = "NUT"
  revision = "947dcec5ba9c011838740e680966fd7087a71d0d"
  version = "v2.2.6"

[[projects]]
  branch = "master"
  digest = "1:f3793f8a708522400cef1dba23385e901aede5519f68971fd69938ef330b07a1"
  name = "github.com/alecthomas/template"
  packages = [
    ".",
    "parse",
  ]
  pruneopts = "NUT"
  revision = "a0175ee3bccc567396460bf5acd36800cb10c49c"

[[projects]]
  branch = "master"
  digest = "1:fdd419e104ec26bb5bd63cc62637c640453ed2929a7453f3afadbd9a0223da66"
  name = "github.com/alecthomas/units"
  packages = ["."]
  pruneopts = "NUT"
  revision = "2efee857e7cfd4f3d0138cc3cbb1b4966962b93a"

[[projects]]
  branch = "master"
  digest = "1:9c94adb84080287919cda31447549e0ce8f8cc2067e19ce51537cf4572868d36"
  name = "github.com/andrew-d/go-termutil"
  packages = ["."]
  pruneopts = "NUT"
  revision = "009166a695a2f516c749a26b4ac1f183d89aa336"

[[projects]]
  branch = "master"
  digest = "1:ba7c0f86c6fa7ab36705367cf20c401922f2803b6d35967d56372e9f03e1c441"
  name = "github.com/aybabtme/color"
  packages = [
    ".",
    "brush",
  ]
  pruneopts = "NUT"
  revision = "28ad4cc941d69a60df8d0af1233fd5a2793c2801"

[[projects]]
  branch = "master"
  digest = "1:47de3d30c753182dbffb0d91bf51eef55b2b2d674e28e4e397bca7aa391d8593"
  name = "github.com/bproctor/base91"
  packages = ["."]
  pruneopts = "NUT"
  revision = "7de6f1dd34e89e8e836def19d458e9969d6cce33"

[[projects]]
  branch = "master"
  digest = "1:dab42edf619d779ed0b5af804b7a22aa69276edf2bfd7a4a4af13ab799290ad6"
  name = "github.com/cxmcc/tiger"
  packages = ["."]
  pruneopts = "NUT"
  revision = "bde35e2713d7f674987c2ecb21a6b0fc33749516"

[[projects]]
  digest = "1:ffe9824d294da03b391f44e1ae8281281b4afc1bdaa9588c9097785e3af10cec"
  name = "github.com/davecgh/go-spew"
  packages = ["spew"]
  pruneopts = "NUT"
  revision = "8991bc29aa16c548c550c7ff78260e27b9ab7c73"
  version = "v1.1.1"

[[projects]]
  branch = "master"
  digest = "1:1f0a8a8555d3e8700db3c2ac4c2acff5accb1e20601c91200a5d907781d58343"
  name = "github.com/dchest/blake256"
  packages = ["."]
  pruneopts = "NUT"
  revision = "dee3fe6eb0e98dc774a94fc231f85baf7c29d360"

[[projects]]
  branch = "master"
  digest = "1:f370e2eebadc63e19fcfcfe8f69321cc148f2d149a5f4830243f7e7298b2695d"
  name = "github.com/dchest/blake2b"
  packages = ["."]
  pruneopts = "NUT"
  revision = "06006a921c7d13e3fdf63c401cb0e4529a26e6e4"

[[projects]]
  branch = "master"
  digest = "1:bed96b30ee8d35c4b2b0a050bac31c8b844dbf53d332d0236627f742f12ecb55"
  name = "github.com/dchest/blake2s"
  packages = ["."]
  pruneopts = "NUT"
  revision = "02243320b5c6ff2a5f758dd42d8d4bb2c04e4896"

[[projects]]
  branch = "master"
  digest = "1:0d092d6f1f549d1e2c8629936271728c4fcfad8413b23bfcbd1d8383a75e212f"
  name = "github.com/dchest/blake512"
  packages = ["."]
  pruneopts = "NUT"
  revision = "9668dfef2d239349500b23b60834fbf1817546fb"

[[projects]]
  branch = "master"
  digest = "1:1605a72a775deccb79dcf7561f311270dfe79a4da8dec0d951f37610cfff2832"
  name = "github.com/dchest/siphash"
  packages = ["."]
  pruneopts = "NUT"
  revision = "34f201214d993633bb24f418ba11736ab8b55aa7"

[[projects]]
  branch = "master"
  digest = "1:bc2b59e13e0a6a7c7487ab2bbc9fca58b0b6e41f5830b4fbd5b1cadfad0472ee"
  name = "github.com/dchest/skein"
  packages = ["."]
  pruneopts = "NUT"
  revision = "d7f1022db3907c43a432c6ed55bb0e23e644d415"

[[projects]]
  branch = "master"
  digest = "1:52c5834e2bebac9030c97cc0798ac11c3aa8a39f098aeb419f142533da6cd3cc"
  name = "github.com/google/gofuzz"
  packages = ["."]
  pruneopts = "NUT"
  revision = "f140a6486e521aad38f5917de355cbf147cc0496"

[[projects]]
  branch = "master"
  digest = "1:2cddeb16ec58b8cdc46eb130de63d7132b3794f251dca9b33609871d0b8768d5"
  name = "github.com/howeyc/crc16"
  packages = ["."]
  pruneopts = "NUT"
  revision = "2b2a61e366a66d3efb279e46176e7291001e0354"

[[projects]]
  branch = "master"
  digest = "1:440039a0ec3fdafcba96d45e5081f849072641322a87b65e01d25b669c19891a"
  name = "github.com/htruong/go-md2"
  packages = ["."]
  pruneopts = "NUT"
  revision = "c69905b63f6f975561782d98caf92063200b6fb6"

[[projects]]
  branch = "master"
  digest = "1:2a11af5d4103831079dabd6a18cf215edaaf6f6e1447f436bfb9323919a42cce"
  name = "github.com/jbenet/go-base58"
  packages = ["."]
  pruneopts = "NUT"
  revision = "6237cf65f3a6f7111cd8a42be3590df99a66bc7d"

[[projects]]
  branch = "master"
  digest = "1:10b4c63c075afb1e1894efe948bf3c9ee42cfad1f2b552d575090606dbaf5d5c"
  name = "github.com/jzelinskie/whirlpool"
  packages = ["."]
  pruneopts = "NUT"
  revision = "c19460b8caa623b49cd9060e866f812c4b10c4ce"

[[projects]]
  branch = "master"
  digest = "1:9ccdb2f2c793ae7ff5ce3fe2e803d3d2466d5824f8b87fb839b691e5782afccf"
  name = "github.com/martinlindhe/base36"
  packages = ["."]
  pruneopts = "NUT"
  revision = "7c6542dfbb41505111dde1f321eb5d5002f5fb88"

[[projects]]
  branch = "master"
  digest = "1:485a15088519f8f99b6d21c3642c236cda494ea35cb79fa8d74428a1d31d3ed1"
  name = "github.com/martinlindhe/bubblebabble"
  packages = ["."]
  pruneopts = "NUT"
  revision = "a0a549d8557a2f4cf6806270a12bab934c02f047"

[[projects]]
  branch = "master"
  digest = "1:78c9795bbb4116639164ef9db432d2ad7eb10db9bf552f743edca502099545a5"
  name = "github.com/martinlindhe/crc24"
  packages = ["."]
  pruneopts = "NUT"
  revision = "2a4d832456161cadefab118b4821708aecc8d272"

[[projects]]
  branch = "master"
  digest = "1:176e1389b38dd5ff5bc2384d1df5d3ecd4323955eb1a36a92e73cfc1ed35f451"
  name = "github.com/martinlindhe/gogost"
  packages = [
    "gost28147",
    "gost34112012256",
    "gost34112012512",
    "gost341194",
    "internal/gost34112012",
  ]
  pruneopts = "NUT"
  revision = "31862914ae2006dd114c1224522d8fe6bd91b295"

[[projects]]
  branch = "master"
  digest = "1:548cb402cd8d1343594c97ab97d78f965c005870d5f493ebdcae104536f5aa7f"
  name = "github.com/martinlindhe/uu"
  packages = ["."]
  pruneopts = "NUT"
  revision = "27d928e7b0bb240a872b9a1ae8bc2f9dbf7c587b"

[[projects]]
  branch = "master"
  digest = "1:df4854f781d16429b31a99e710f68af512a5e5f1aa64732344a372e4e239f3dc"
  name = "github.com/mewpkg/hashutil"
  packages = [
    ".",
    "crc8",
  ]
  pruneopts = "NUT"
  revision = "bc0840ff65bbc7a740bc592a995d477ff1ac6b36"

[[projects]]
  digest = "1:0028cb19b2e4c3112225cd871870f2d9cf49b9b4276531f03438a88e94be86fe"
  name = "github.com/pmezard/go-difflib"
  packages = ["difflib"]
  pruneopts = "NUT"
  revision = "792786c7400a136282c1664665ae0a8db921c6c2"
  version = "v1.0.0"

[[projects]]
  digest = "1:42e8c2456d7ec0f31e182c20022e74324c4da2cb3bd9069ff9b131fe33466308"
  name = "github.com/stretchr/testify"
  packages = ["assert"]
  pruneopts = "NUT"
  revision = "ffdc059bfe9ce6a4e144ba849dbedead332c6053"
  version = "v1.3.0"

[[projects]]
  branch = "master"
  digest = "1:672dc0104ce884199d0dba65c70126a0117d6b853bb696c5ccda309088c58278"
  name = "github.com/tilinna/z85"
  packages = ["."]
  pruneopts = "NUT"
  revision = "b14483f97fd6af6707e318598e6ba519a0af3f6f"

[[projects]]
  branch = "master"
  digest = "1:3cc96e0c6e2fd157d518fd23bc1177439749784b34c28ace1ea6e6bb456e1dd9"
  name = "golang.org/x/crypto"
  packages = [
    "md4",
    "ripemd160",
    "sha3",
  ]
  pruneopts = "NUT"
  revision = "22d7a77e9e5f409e934ed268692e56707cd169e5"

[[projects]]
  branch = "master"
  digest = "1:a52c47381b4013746f1ef8ddd3b67860dae3cb5c156792c22f7522cb4a7f4a8b"
  name = "golang.org/x/sys"
  packages = [
    "cpu",
    "unix",
  ]
  pruneopts = "NUT"
  revision = "8097e1b27ff5e40620836729a9584e91b094b062"

[solve-meta]
  analyzer-name = "dep"
  analyzer-version = 1
  input-imports = [
    "github.com/alecthomas/kingpin",
    "github.com/andrew-d/go-termutil",
    "github.com/aybabtme/color/brush",
    "github.com/bproctor/base91",
    "github.com/cxmcc/tiger",
    "github.com/dchest/blake256",
    "github.com/dchest/blake2b",
    "github.com/dchest/blake2s",
    "github.com/dchest/blake512",
    "github.com/dchest/siphash",
    "github.com/dchest/skein",
    "github.com/google/gofuzz",
    "github.com/howeyc/crc16",
    "github.com/htruong/go-md2",
    "github.com/jbenet/go-base58",
    "github.com/jzelinskie/whirlpool",
    "github.com/martinlindhe/base36",
    "github.com/martinlindhe/bubblebabble",
    "github.com/martinlindhe/crc24",
    "github.com/martinlindhe/gogost/gost28147",
    "github.com/martinlindhe/gogost/gost34112012256",
    "github.com/martinlindhe/gogost/gost34112012512",
    "github.com/martinlindhe/gogost/gost341194",
    "github.com/martinlindhe/uu",
    "github.com/mewpkg/hashutil/crc8",
    "github.com/stretchr/testify/assert",
    "github.com/tilinna/z85",
    "golang.org/x/crypto/md4",
    "golang.org/x/crypto/ripemd160",
    "golang.org/x/crypto/sha3",
  ]
  solver-name = "gps-cdcl"
  solver-version = 1
