# This file is autogenerated, do not edit; changes may be undone by the next 'dep ensure'.


[[projects]]
  branch = "master"
  name = "github.com/alecthomas/template"
  packages = [".","parse"]
  revision = "a0175ee3bccc567396460bf5acd36800cb10c49c"

[[projects]]
  branch = "master"
  name = "github.com/alecthomas/units"
  packages = ["."]
  revision = "2efee857e7cfd4f3d0138cc3cbb1b4966962b93a"

[[projects]]
  branch = "master"
  name = "github.com/andrew-d/go-termutil"
  packages = ["."]
  revision = "009166a695a2f516c749a26b4ac1f183d89aa336"

[[projects]]
  branch = "master"
  name = "github.com/aybabtme/color"
  packages = [".","brush"]
  revision = "28ad4cc941d69a60df8d0af1233fd5a2793c2801"

[[projects]]
  branch = "master"
  name = "github.com/bproctor/base91"
  packages = ["."]
  revision = "7de6f1dd34e89e8e836def19d458e9969d6cce33"

[[projects]]
  branch = "master"
  name = "github.com/cxmcc/tiger"
  packages = ["."]
  revision = "bde35e2713d7f674987c2ecb21a6b0fc33749516"

[[projects]]
  name = "github.com/davecgh/go-spew"
  packages = ["spew"]
  revision = "346938d642f2ec3594ed81d874461961cd0faa76"
  version = "v1.1.0"

[[projects]]
  branch = "master"
  name = "github.com/dchest/blake256"
  packages = ["."]
  revision = "dee3fe6eb0e98dc774a94fc231f85baf7c29d360"

[[projects]]
  branch = "master"
  name = "github.com/dchest/blake2b"
  packages = ["."]
  revision = "06006a921c7d13e3fdf63c401cb0e4529a26e6e4"

[[projects]]
  branch = "master"
  name = "github.com/dchest/blake2s"
  packages = ["."]
  revision = "02243320b5c6ff2a5f758dd42d8d4bb2c04e4896"

[[projects]]
  branch = "master"
  name = "github.com/dchest/blake512"
  packages = ["."]
  revision = "9668dfef2d239349500b23b60834fbf1817546fb"

[[projects]]
  name = "github.com/dchest/siphash"
  packages = ["."]
  revision = "42ba037e748c9062a75e0924705c43b893edefcd"
  version = "v1.0.0"

[[projects]]
  branch = "master"
  name = "github.com/dchest/skein"
  packages = ["."]
  revision = "00ede9849c61c956a846cef0d28a5b16655fd63c"

[[projects]]
  branch = "master"
  name = "github.com/google/gofuzz"
  packages = ["."]
  revision = "24818f796faf91cd76ec7bddd72458fbced7a6c1"

[[projects]]
  branch = "master"
  name = "github.com/howeyc/crc16"
  packages = ["."]
  revision = "96a97a1abb579c7ff1a8ffa77f2e72d1c314b57f"

[[projects]]
  branch = "master"
  name = "github.com/htruong/go-md2"
  packages = ["."]
  revision = "c69905b63f6f975561782d98caf92063200b6fb6"

[[projects]]
  name = "github.com/jbenet/go-base58"
  packages = ["."]
  revision = "6237cf65f3a6f7111cd8a42be3590df99a66bc7d"
  version = "1.0.0"

[[projects]]
  branch = "master"
  name = "github.com/jzelinskie/whirlpool"
  packages = ["."]
  revision = "c19460b8caa623b49cd9060e866f812c4b10c4ce"

[[projects]]
  branch = "master"
  name = "github.com/martinlindhe/base36"
  packages = ["."]
  revision = "44e007f2c95e7c7396eb67802b9bd1ac9123785f"

[[projects]]
  branch = "master"
  name = "github.com/martinlindhe/bubblebabble"
  packages = ["."]
  revision = "a0a549d8557a2f4cf6806270a12bab934c02f047"

[[projects]]
  branch = "master"
  name = "github.com/martinlindhe/crc24"
  packages = ["."]
  revision = "2a4d832456161cadefab118b4821708aecc8d272"

[[projects]]
  branch = "master"
  name = "github.com/martinlindhe/gogost"
  packages = ["gost28147","gost34112012256","gost34112012512","gost341194","internal/gost34112012"]
  revision = "31862914ae2006dd114c1224522d8fe6bd91b295"

[[projects]]
  branch = "master"
  name = "github.com/martinlindhe/uu"
  packages = ["."]
  revision = "c74240da66832d8cd73ce9d27439debae7d6ca08"

[[projects]]
  name = "github.com/mewpkg/hashutil"
  packages = ["crc8"]
  revision = "576638dc68739d767ffde05d1b4f62e3c0659639"
  version = "v1.0.1"

[[projects]]
  name = "github.com/pmezard/go-difflib"
  packages = ["difflib"]
  revision = "792786c7400a136282c1664665ae0a8db921c6c2"
  version = "v1.0.0"

[[projects]]
  name = "github.com/stretchr/testify"
  packages = ["assert"]
  revision = "69483b4bd14f5845b5a1e55bca19e954e827f1d0"
  version = "v1.1.4"

[[projects]]
  branch = "master"
  name = "github.com/tilinna/z85"
  packages = ["."]
  revision = "5caf146023ad64452767a53d9f5a9e40bddcdc6d"

[[projects]]
  branch = "master"
  name = "golang.org/x/crypto"
  packages = ["md4","ripemd160","sha3"]
  revision = "b0c9c05bfe149df95eb1d25642162cca051e0466"

[[projects]]
  name = "gopkg.in/alecthomas/kingpin.v2"
  packages = ["."]
  revision = "1087e65c9441605df944fb12c33f0fe7072d18ca"
  version = "v2.2.5"

[[projects]]
  name = "gopkg.in/mewpkg/hashutil.v1"
  packages = ["."]
  revision = "576638dc68739d767ffde05d1b4f62e3c0659639"
  version = "v1.0.1"

[solve-meta]
  analyzer-name = "dep"
  analyzer-version = 1
  inputs-digest = "6dc5abe32fe3598ae3d99e0f02d3c668cf2ffcd26ba849588e73c8e817655698"
  solver-name = "gps-cdcl"
  solver-version = 1
